
Microsoft Visual Studio Solution File, Format Version 12.00
# Visual Studio Version 16
VisualStudioVersion = 16.0.31205.134
MinimumVisualStudioVersion = 10.0.40219.1
Project("{FAE04EC0-301F-11D3-BF4B-00C04F79EFBC}") = "LinearProblem", "LinearProblem\LinearProblem.csproj", "{280FFFAF-C332-463D-A115-230281809514}"
EndProject
Project("{9A19103F-16F7-4668-BE54-9A1E7A4F7556}") = "LinearProblemSolverApplication", "LinearProblemSolverApplication\LinearProblemSolverApplication.csproj", "{A69661CB-4A35-4378-B0CA-8C0D5E0C4082}"
EndProject
Project("{FAE04EC0-301F-11D3-BF4B-00C04F79EFBC}") = "LinearProblemSolving", "LinearProblemSolver\LinearProblemSolving.csproj", "{D41A79E7-E634-40C3-B196-31758078D074}"
EndProject
Global
	GlobalSection(SolutionConfigurationPlatforms) = preSolution
		Debug|Any CPU = Debug|Any CPU
		Release|Any CPU = Release|Any CPU
	EndGlobalSection
	GlobalSection(ProjectConfigurationPlatforms) = postSolution
		{280FFFAF-C332-463D-A115-230281809514}.Debug|Any CPU.ActiveCfg = Debug|Any CPU
		{280FFFAF-C332-463D-A115-230281809514}.Debug|Any CPU.Build.0 = Debug|Any CPU
		{280FFFAF-C332-463D-A115-230281809514}.Release|Any CPU.ActiveCfg = Release|Any CPU
		{280FFFAF-C332-463D-A115-230281809514}.Release|Any CPU.Build.0 = Release|Any CPU
		{A69661CB-4A35-4378-B0CA-8C0D5E0C4082}.Debug|Any CPU.ActiveCfg = Debug|Any CPU
		{A69661CB-4A35-4378-B0CA-8C0D5E0C4082}.Debug|Any CPU.Build.0 = Debug|Any CPU
		{A69661CB-4A35-4378-B0CA-8C0D5E0C4082}.Release|Any CPU.ActiveCfg = Release|Any CPU
		{A69661CB-4A35-4378-B0CA-8C0D5E0C4082}.Release|Any CPU.Build.0 = Release|Any CPU
		{D41A79E7-E634-40C3-B196-31758078D074}.Debug|Any CPU.ActiveCfg = Debug|Any CPU
		{D41A79E7-E634-40C3-B196-31758078D074}.Debug|Any CPU.Build.0 = Debug|Any CPU
		{D41A79E7-E634-40C3-B196-31758078D074}.Release|Any CPU.ActiveCfg = Release|Any CPU
		{D41A79E7-E634-40C3-B196-31758078D074}.Release|Any CPU.Build.0 = Release|Any CPU
	EndGlobalSection
	GlobalSection(SolutionProperties) = preSolution
		HideSolutionNode = FALSE
	EndGlobalSection
	GlobalSection(ExtensibilityGlobals) = postSolution
		SolutionGuid = {F47FC384-0C8C-4973-AAB4-B9F6988C295F}
	EndGlobalSection
EndGlobal
